{
    "version": 3,
    "terraform_version": "0.8.8",
    "serial": 3,
    "lineage": "07cb1ac1-a0f5-42f8-b33e-bdcd26adee2f",
    "modules": [
        {
            "path": [
                "root"
            ],
            "outputs": {},
            "resources": {
                "google_compute_address.www": {
                    "type": "google_compute_address",
                    "depends_on": [],
                    "primary": {
                        "id": "tf-www-address",
                        "attributes": {
                            "address": "35.187.206.148",
                            "id": "tf-www-address",
                            "name": "tf-www-address",
                            "self_link": "https://www.googleapis.com/compute/v1/projects/my-project-01-157810/regions/asia-northeast1/addresses/tf-www-address"
                        },
                        "meta": {},
                        "tainted": false
                    },
                    "deposed": [],
                    "provider": ""
                },
                "google_compute_instance.salt": {
                    "type": "google_compute_instance",
                    "depends_on": [],
                    "primary": {
                        "id": "tf-salt",
                        "attributes": {
                            "can_ip_forward": "false",
                            "create_timeout": "4",
                            "disk.#": "1",
                            "disk.0.auto_delete": "true",
                            "disk.0.device_name": "",
                            "disk.0.disk": "",
                            "disk.0.disk_encryption_key_raw": "",
                            "disk.0.disk_encryption_key_sha256": "",
                            "disk.0.image": "ubuntu-1510-wily-v20160315",
                            "disk.0.scratch": "false",
                            "disk.0.size": "0",
                            "disk.0.type": "",
                            "id": "tf-salt",
                            "machine_type": "f1-micro",
                            "metadata.%": "1",
                            "metadata.sshKeys": "ubuntu:ssh-rsa AAAAB3NzaC1yc2EAAAADAQABAAABAQDNhnDj5txm0fYoaGtSgPOQNr8HSjSRZThHv8eC1isKWNaU9mUh/Ov9wLZhMC/hbimSzObAvVLh8WxKMTr9dKkW2E0nSkF7s8mqvC9oiRHKmhEEyVvAKuJBuhf9VdL1R+++sW4gcnVB60lxZs1oJ6+2ZKEzlivFYIL+Geq1X9TUihoSmgVz15TH8KewgyUTaPzc9a406Hx7CkUDa983DZ7q1apexpiMgj+kmzLUoYSxDII5ujgsZHXysbUNS3kaIZiwmnwyLIX3kPyLPT5iWXBcUQ4/NlKWwe4MLY0/iE5dyhTyzvLqEdFQQjUm/dOxNWfek2/TAqyKXNXRDbg8Yaqx ilanian@ilanian\n",
                            "metadata_fingerprint": "Tg8PKUF079k=",
                            "metadata_startup_script": "aptitude -y update\n#aptitude -y safe-upgrade\naptitude -y install salt-master salt-minion salt-ssh salt-cloud salt-doc\necho -e \"master: $HOSTNAME\" \u003e /etc/salt/minion.d/master.conf\necho -e \"grains:\\n  roles:\\n    - salt\\n    - letsencrypt\" \u003e /etc/salt/minion.d/grains.conf\necho -e \"file_roots:\\n  base:\\n    - /srv/gwadeloop-states/salt\\npillar_roots:\\n  base:\\n    - /srv/gwadeloop-states/pillar\" \u003e /etc/salt/master.d/path_roots.conf\nmkdir /srv/gwadeloop-states/\nchown -R ubuntu:root /srv/gwadeloop-states/\n",
                            "name": "tf-salt",
                            "network.#": "0",
                            "network_interface.#": "1",
                            "network_interface.0.access_config.#": "1",
                            "network_interface.0.access_config.0.assigned_nat_ip": "35.187.204.85",
                            "network_interface.0.access_config.0.nat_ip": "",
                            "network_interface.0.address": "10.146.0.2",
                            "network_interface.0.name": "nic0",
                            "network_interface.0.network": "default",
                            "network_interface.0.subnetwork": "",
                            "network_interface.0.subnetwork_project": "",
                            "self_link": "https://www.googleapis.com/compute/v1/projects/my-project-01-157810/zones/asia-northeast1-a/instances/tf-salt",
                            "service_account.#": "1",
                            "service_account.0.email": "426039294874-compute@developer.gserviceaccount.com",
                            "service_account.0.scopes.#": "1",
                            "service_account.0.scopes.2862113455": "https://www.googleapis.com/auth/compute.readonly",
                            "tags.#": "2",
                            "tags.1588889955": "letsencrypt",
                            "tags.2415649015": "salt",
                            "tags_fingerprint": "jHfB03K_UtQ=",
                            "zone": "asia-northeast1-a"
                        },
                        "meta": {
                            "schema_version": "2"
                        },
                        "tainted": true
                    },
                    "deposed": [],
                    "provider": ""
                }
            },
            "depends_on": []
        }
    ]
}
