{
    "version": 3,
    "terraform_version": "0.8.8",
    "serial": 9,
    "lineage": "5fbfe9a0-b3df-4e31-9883-7b0bc0cdad36",
    "modules": [
        {
            "path": [
                "root"
            ],
            "outputs": {},
            "resources": {
                "google_compute_network.docker-net": {
                    "type": "google_compute_network",
                    "depends_on": [],
                    "primary": {
                        "id": "docker-net",
                        "attributes": {
                            "description": "docker swarm cluster network",
                            "gateway_ipv4": "",
                            "id": "docker-net",
                            "name": "docker-net",
                            "self_link": "https://www.googleapis.com/compute/v1/projects/my-project-01-157810/global/networks/docker-net"
                        },
                        "meta": {},
                        "tainted": false
                    },
                    "deposed": [],
                    "provider": ""
                },
                "google_compute_subnetwork.docker-asia-subnet": {
                    "type": "google_compute_subnetwork",
                    "depends_on": [
                        "google_compute_network.docker-net"
                    ],
                    "primary": {
                        "id": "asia-northeast1/docker-asia-subnet",
                        "attributes": {
                            "gateway_address": "10.0.0.1",
                            "id": "asia-northeast1/docker-asia-subnet",
                            "ip_cidr_range": "10.0.0.0/16",
                            "name": "docker-asia-subnet",
                            "network": "https://www.googleapis.com/compute/v1/projects/my-project-01-157810/global/networks/docker-net",
                            "region": "asia-northeast1",
                            "self_link": "https://www.googleapis.com/compute/v1/projects/my-project-01-157810/regions/asia-northeast1/subnetworks/docker-asia-subnet"
                        },
                        "meta": {},
                        "tainted": false
                    },
                    "deposed": [],
                    "provider": ""
                }
            },
            "depends_on": []
        }
    ]
}
