{
    "version": 3,
    "terraform_version": "0.8.8",
    "serial": 20,
    "lineage": "9551a147-8ed3-43c5-b670-95bca2b919d4",
    "modules": [
        {
            "path": [
                "root"
            ],
            "outputs": {
                "swarm_manager_init": {
                    "sensitive": false,
                    "type": "string",
                    "value": "0"
                }
            },
            "resources": {
                "google_compute_instance.swarm-manager": {
                    "type": "google_compute_instance",
                    "depends_on": [],
                    "primary": {
                        "id": "tf-swarm-manager2",
                        "attributes": {
                            "can_ip_forward": "false",
                            "create_timeout": "4",
                            "disk.#": "1",
                            "disk.0.auto_delete": "true",
                            "disk.0.device_name": "",
                            "disk.0.disk": "",
                            "disk.0.disk_encryption_key_raw": "",
                            "disk.0.disk_encryption_key_sha256": "",
                            "disk.0.image": "docker-ubuntu-xenial-1489217103",
                            "disk.0.scratch": "false",
                            "disk.0.size": "0",
                            "disk.0.type": "",
                            "id": "tf-swarm-manager2",
                            "machine_type": "g1-small",
                            "metadata.%": "1",
                            "metadata.sshKeys": "ubuntu:ssh-rsa AAAAB3NzaC1yc2EAAAADAQABAAABAQDNhnDj5txm0fYoaGtSgPOQNr8HSjSRZThHv8eC1isKWNaU9mUh/Ov9wLZhMC/hbimSzObAvVLh8WxKMTr9dKkW2E0nSkF7s8mqvC9oiRHKmhEEyVvAKuJBuhf9VdL1R+++sW4gcnVB60lxZs1oJ6+2ZKEzlivFYIL+Geq1X9TUihoSmgVz15TH8KewgyUTaPzc9a406Hx7CkUDa983DZ7q1apexpiMgj+kmzLUoYSxDII5ujgsZHXysbUNS3kaIZiwmnwyLIX3kPyLPT5iWXBcUQ4/NlKWwe4MLY0/iE5dyhTyzvLqEdFQQjUm/dOxNWfek2/TAqyKXNXRDbg8Yaqx ilanian@ilanian\n",
                            "metadata_fingerprint": "R9uDSRCESDs=",
                            "name": "tf-swarm-manager2",
                            "network.#": "0",
                            "network_interface.#": "1",
                            "network_interface.0.access_config.#": "1",
                            "network_interface.0.access_config.0.assigned_nat_ip": "35.187.199.16",
                            "network_interface.0.access_config.0.nat_ip": "",
                            "network_interface.0.address": "10.146.0.2",
                            "network_interface.0.name": "nic0",
                            "network_interface.0.network": "default",
                            "network_interface.0.subnetwork": "",
                            "network_interface.0.subnetwork_project": "",
                            "self_link": "https://www.googleapis.com/compute/v1/projects/my-project-01-157810/zones/asia-northeast1-a/instances/tf-swarm-manager2",
                            "service_account.#": "1",
                            "service_account.0.email": "426039294874-compute@developer.gserviceaccount.com",
                            "service_account.0.scopes.#": "1",
                            "service_account.0.scopes.2862113455": "https://www.googleapis.com/auth/compute.readonly",
                            "tags.#": "1",
                            "tags.3920056993": "swarm",
                            "tags_fingerprint": "Z-5DxqZDcVo=",
                            "zone": "asia-northeast1-a"
                        },
                        "meta": {
                            "schema_version": "2"
                        },
                        "tainted": true
                    },
                    "deposed": [],
                    "provider": ""
                }
            },
            "depends_on": []
        }
    ]
}
